
Microsoft Visual Studio Solution File, Format Version 12.00
# Visual Studio Version 17
VisualStudioVersion = 17.9.34723.18
MinimumVisualStudioVersion = 10.0.40219.1
Project("{9A19103F-16F7-4668-BE54-9A1E7A4F7556}") = "SuperUltraMegaClick", "SuperUltraMegaClick.csproj", "{DDD6CBFD-8229-43FE-B673-30FA62721CE2}"
EndProject
Global
	GlobalSection(SolutionConfigurationPlatforms) = preSolution
		Debug|Any CPU = Debug|Any CPU
		Release|Any CPU = Release|Any CPU
	EndGlobalSection
	GlobalSection(ProjectConfigurationPlatforms) = postSolution
		{DDD6CBFD-8229-43FE-B673-30FA62721CE2}.Debug|Any CPU.ActiveCfg = Debug|Any CPU
		{DDD6CBFD-8229-43FE-B673-30FA62721CE2}.Debug|Any CPU.Build.0 = Debug|Any CPU
		{DDD6CBFD-8229-43FE-B673-30FA62721CE2}.Release|Any CPU.ActiveCfg = Release|Any CPU
		{DDD6CBFD-8229-43FE-B673-30FA62721CE2}.Release|Any CPU.Build.0 = Release|Any CPU
	EndGlobalSection
	GlobalSection(SolutionProperties) = preSolution
		HideSolutionNode = FALSE
	EndGlobalSection
	GlobalSection(ExtensibilityGlobals) = postSolution
		SolutionGuid = {1577B72D-540A-42FD-879C-6D82DA7B1B65}
	EndGlobalSection
EndGlobal
